// !$*UTF8*$!
{
	archiveVersion = 1;
	classes = {
	};
	objectVersion = 55;
	objects = {

/* Begin PBXBuildFile section */
		7CDF4F0327F0BD8D009156EA /* AppDelegate.swift in Sources */ = {isa = PBXBuildFile; fileRef = 7CDF4F0227F0BD8D009156EA /* AppDelegate.swift */; };
		7CDF4F0527F0BD8D009156EA /* SceneDelegate.swift in Sources */ = {isa = PBXBuildFile; fileRef = 7CDF4F0427F0BD8D009156EA /* SceneDelegate.swift */; };
		7CDF4F0D27F0BD8D009156EA /* Movies.xcdatamodeld in Sources */ = {isa = PBXBuildFile; fileRef = 7CDF4F0B27F0BD8D009156EA /* Movies.xcdatamodeld */; };
		7CDF4F0F27F0BD8F009156EA /* Assets.xcassets in Resources */ = {isa = PBXBuildFile; fileRef = 7CDF4F0E27F0BD8F009156EA /* Assets.xcassets */; };
		7CDF4F1227F0BD8F009156EA /* LaunchScreen.storyboard in Resources */ = {isa = PBXBuildFile; fileRef = 7CDF4F1027F0BD8F009156EA /* LaunchScreen.storyboard */; };
		7CDF4F1F27F0C334009156EA /* MainTabBarController.swift in Sources */ = {isa = PBXBuildFile; fileRef = 7CDF4F1E27F0C334009156EA /* MainTabBarController.swift */; };
		7CDF4F2427F0D107009156EA /* HomeViewController.swift in Sources */ = {isa = PBXBuildFile; fileRef = 7CDF4F2327F0D107009156EA /* HomeViewController.swift */; };
		7CDF4F2627F0D118009156EA /* WatchingViewController.swift in Sources */ = {isa = PBXBuildFile; fileRef = 7CDF4F2527F0D118009156EA /* WatchingViewController.swift */; };
		7CDF4F2827F0D13F009156EA /* ProfileViewController.swift in Sources */ = {isa = PBXBuildFile; fileRef = 7CDF4F2727F0D13F009156EA /* ProfileViewController.swift */; };
/* End PBXBuildFile section */

/* Begin PBXFileReference section */
		7CDF4EFF27F0BD8D009156EA /* Movies.app */ = {isa = PBXFileReference; explicitFileType = wrapper.application; includeInIndex = 0; path = Movies.app; sourceTree = BUILT_PRODUCTS_DIR; };
		7CDF4F0227F0BD8D009156EA /* AppDelegate.swift */ = {isa = PBXFileReference; lastKnownFileType = sourcecode.swift; path = AppDelegate.swift; sourceTree = "<group>"; };
		7CDF4F0427F0BD8D009156EA /* SceneDelegate.swift */ = {isa = PBXFileReference; lastKnownFileType = sourcecode.swift; path = SceneDelegate.swift; sourceTree = "<group>"; };
		7CDF4F0C27F0BD8D009156EA /* Movies.xcdatamodel */ = {isa = PBXFileReference; lastKnownFileType = wrapper.xcdatamodel; path = Movies.xcdatamodel; sourceTree = "<group>"; };
		7CDF4F0E27F0BD8F009156EA /* Assets.xcassets */ = {isa = PBXFileReference; lastKnownFileType = folder.assetcatalog; path = Assets.xcassets; sourceTree = "<group>"; };
		7CDF4F1127F0BD8F009156EA /* Base */ = {isa = PBXFileReference; lastKnownFileType = file.storyboard; name = Base; path = Base.lproj/LaunchScreen.storyboard; sourceTree = "<group>"; };
		7CDF4F1327F0BD8F009156EA /* Info.plist */ = {isa = PBXFileReference; lastKnownFileType = text.plist.xml; path = Info.plist; sourceTree = "<group>"; };
		7CDF4F1E27F0C334009156EA /* MainTabBarController.swift */ = {isa = PBXFileReference; lastKnownFileType = sourcecode.swift; path = MainTabBarController.swift; sourceTree = "<group>"; };
		7CDF4F2327F0D107009156EA /* HomeViewController.swift */ = {isa = PBXFileReference; lastKnownFileType = sourcecode.swift; path = HomeViewController.swift; sourceTree = "<group>"; };
		7CDF4F2527F0D118009156EA /* WatchingViewController.swift */ = {isa = PBXFileReference; lastKnownFileType = sourcecode.swift; path = WatchingViewController.swift; sourceTree = "<group>"; };
		7CDF4F2727F0D13F009156EA /* ProfileViewController.swift */ = {isa = PBXFileReference; lastKnownFileType = sourcecode.swift; path = ProfileViewController.swift; sourceTree = "<group>"; };
/* End PBXFileReference section */

/* Begin PBXFrameworksBuildPhase section */
		7CDF4EFC27F0BD8D009156EA /* Frameworks */ = {
			isa = PBXFrameworksBuildPhase;
			buildActionMask = 2147483647;
			files = (
			);
			runOnlyForDeploymentPostprocessing = 0;
		};
/* End PBXFrameworksBuildPhase section */

/* Begin PBXGroup section */
		7CDF4EF627F0BD8D009156EA = {
			isa = PBXGroup;
			children = (
				7CDF4F0127F0BD8D009156EA /* Movies */,
				7CDF4F0027F0BD8D009156EA /* Products */,
			);
			sourceTree = "<group>";
		};
		7CDF4F0027F0BD8D009156EA /* Products */ = {
			isa = PBXGroup;
			children = (
				7CDF4EFF27F0BD8D009156EA /* Movies.app */,
			);
			name = Products;
			sourceTree = "<group>";
		};
		7CDF4F0127F0BD8D009156EA /* Movies */ = {
			isa = PBXGroup;
			children = (
				7CDF4F1C27F0C2A8009156EA /* Aplication */,
				7CDF4F1B27F0C299009156EA /* Controller */,
				7CDF4F1A27F0C291009156EA /* View */,
				7CDF4F1927F0C287009156EA /* Model */,
				7CDF4F1D27F0C2B1009156EA /* Resourses */,
			);
			path = Movies;
			sourceTree = "<group>";
		};
		7CDF4F1927F0C287009156EA /* Model */ = {
			isa = PBXGroup;
			children = (
			);
			path = Model;
			sourceTree = "<group>";
		};
		7CDF4F1A27F0C291009156EA /* View */ = {
			isa = PBXGroup;
			children = (
			);
			path = View;
			sourceTree = "<group>";
		};
		7CDF4F1B27F0C299009156EA /* Controller */ = {
			isa = PBXGroup;
			children = (
				7CDF4F2227F0D0D1009156EA /* Watching */,
				7CDF4F2127F0D03B009156EA /* Profile */,
				7CDF4F2027F0D032009156EA /* Home */,
				7CDF4F1E27F0C334009156EA /* MainTabBarController.swift */,
			);
			path = Controller;
			sourceTree = "<group>";
		};
		7CDF4F1C27F0C2A8009156EA /* Aplication */ = {
			isa = PBXGroup;
			children = (
				7CDF4F0227F0BD8D009156EA /* AppDelegate.swift */,
				7CDF4F0427F0BD8D009156EA /* SceneDelegate.swift */,
			);
			path = Aplication;
			sourceTree = "<group>";
		};
		7CDF4F1D27F0C2B1009156EA /* Resourses */ = {
			isa = PBXGroup;
			children = (
				7CDF4F0E27F0BD8F009156EA /* Assets.xcassets */,
				7CDF4F1027F0BD8F009156EA /* LaunchScreen.storyboard */,
				7CDF4F1327F0BD8F009156EA /* Info.plist */,
				7CDF4F0B27F0BD8D009156EA /* Movies.xcdatamodeld */,
			);
			path = Resourses;
			sourceTree = "<group>";
		};
		7CDF4F2027F0D032009156EA /* Home */ = {
			isa = PBXGroup;
			children = (
				7CDF4F2327F0D107009156EA /* HomeViewController.swift */,
			);
			path = Home;
			sourceTree = "<group>";
		};
		7CDF4F2127F0D03B009156EA /* Profile */ = {
			isa = PBXGroup;
			children = (
				7CDF4F2727F0D13F009156EA /* ProfileViewController.swift */,
			);
			path = Profile;
			sourceTree = "<group>";
		};
		7CDF4F2227F0D0D1009156EA /* Watching */ = {
			isa = PBXGroup;
			children = (
				7CDF4F2527F0D118009156EA /* WatchingViewController.swift */,
			);
			path = Watching;
			sourceTree = "<group>";
		};
/* End PBXGroup section */

/* Begin PBXNativeTarget section */
		7CDF4EFE27F0BD8D009156EA /* Movies */ = {
			isa = PBXNativeTarget;
			buildConfigurationList = 7CDF4F1627F0BD8F009156EA /* Build configuration list for PBXNativeTarget "Movies" */;
			buildPhases = (
				7CDF4EFB27F0BD8D009156EA /* Sources */,
				7CDF4EFC27F0BD8D009156EA /* Frameworks */,
				7CDF4EFD27F0BD8D009156EA /* Resources */,
			);
			buildRules = (
			);
			dependencies = (
			);
			name = Movies;
			productName = Movies;
			productReference = 7CDF4EFF27F0BD8D009156EA /* Movies.app */;
			productType = "com.apple.product-type.application";
		};
/* End PBXNativeTarget section */

/* Begin PBXProject section */
		7CDF4EF727F0BD8D009156EA /* Project object */ = {
			isa = PBXProject;
			attributes = {
				BuildIndependentTargetsInParallel = 1;
				LastSwiftUpdateCheck = 1330;
				LastUpgradeCheck = 1330;
				TargetAttributes = {
					7CDF4EFE27F0BD8D009156EA = {
						CreatedOnToolsVersion = 13.3;
					};
				};
			};
			buildConfigurationList = 7CDF4EFA27F0BD8D009156EA /* Build configuration list for PBXProject "Movies" */;
			compatibilityVersion = "Xcode 13.0";
			developmentRegion = en;
			hasScannedForEncodings = 0;
			knownRegions = (
				en,
				Base,
			);
			mainGroup = 7CDF4EF627F0BD8D009156EA;
			productRefGroup = 7CDF4F0027F0BD8D009156EA /* Products */;
			projectDirPath = "";
			projectRoot = "";
			targets = (
				7CDF4EFE27F0BD8D009156EA /* Movies */,
			);
		};
/* End PBXProject section */

/* Begin PBXResourcesBuildPhase section */
		7CDF4EFD27F0BD8D009156EA /* Resources */ = {
			isa = PBXResourcesBuildPhase;
			buildActionMask = 2147483647;
			files = (
				7CDF4F1227F0BD8F009156EA /* LaunchScreen.storyboard in Resources */,
				7CDF4F0F27F0BD8F009156EA /* Assets.xcassets in Resources */,
			);
			runOnlyForDeploymentPostprocessing = 0;
		};
/* End PBXResourcesBuildPhase section */

/* Begin PBXSourcesBuildPhase section */
		7CDF4EFB27F0BD8D009156EA /* Sources */ = {
			isa = PBXSourcesBuildPhase;
			buildActionMask = 2147483647;
			files = (
				7CDF4F0327F0BD8D009156EA /* AppDelegate.swift in Sources */,
				7CDF4F1F27F0C334009156EA /* MainTabBarController.swift in Sources */,
				7CDF4F0D27F0BD8D009156EA /* Movies.xcdatamodeld in Sources */,
				7CDF4F2627F0D118009156EA /* WatchingViewController.swift in Sources */,
				7CDF4F2827F0D13F009156EA /* ProfileViewController.swift in Sources */,
				7CDF4F0527F0BD8D009156EA /* SceneDelegate.swift in Sources */,
				7CDF4F2427F0D107009156EA /* HomeViewController.swift in Sources */,
			);
			runOnlyForDeploymentPostprocessing = 0;
		};
/* End PBXSourcesBuildPhase section */

/* Begin PBXVariantGroup section */
		7CDF4F1027F0BD8F009156EA /* LaunchScreen.storyboard */ = {
			isa = PBXVariantGroup;
			children = (
				7CDF4F1127F0BD8F009156EA /* Base */,
			);
			name = LaunchScreen.storyboard;
			sourceTree = "<group>";
		};
/* End PBXVariantGroup section */

/* Begin XCBuildConfiguration section */
		7CDF4F1427F0BD8F009156EA /* Debug */ = {
			isa = XCBuildConfiguration;
			buildSettings = {
				ALWAYS_SEARCH_USER_PATHS = NO;
				CLANG_ANALYZER_NONNULL = YES;
				CLANG_ANALYZER_NUMBER_OBJECT_CONVERSION = YES_AGGRESSIVE;
				CLANG_CXX_LANGUAGE_STANDARD = "gnu++17";
				CLANG_ENABLE_MODULES = YES;
				CLANG_ENABLE_OBJC_ARC = YES;
				CLANG_ENABLE_OBJC_WEAK = YES;
				CLANG_WARN_BLOCK_CAPTURE_AUTORELEASING = YES;
				CLANG_WARN_BOOL_CONVERSION = YES;
				CLANG_WARN_COMMA = YES;
				CLANG_WARN_CONSTANT_CONVERSION = YES;
				CLANG_WARN_DEPRECATED_OBJC_IMPLEMENTATIONS = YES;
				CLANG_WARN_DIRECT_OBJC_ISA_USAGE = YES_ERROR;
				CLANG_WARN_DOCUMENTATION_COMMENTS = YES;
				CLANG_WARN_EMPTY_BODY = YES;
				CLANG_WARN_ENUM_CONVERSION = YES;
				CLANG_WARN_INFINITE_RECURSION = YES;
				CLANG_WARN_INT_CONVERSION = YES;
				CLANG_WARN_NON_LITERAL_NULL_CONVERSION = YES;
				CLANG_WARN_OBJC_IMPLICIT_RETAIN_SELF = YES;
				CLANG_WARN_OBJC_LITERAL_CONVERSION = YES;
				CLANG_WARN_OBJC_ROOT_CLASS = YES_ERROR;
				CLANG_WARN_QUOTED_INCLUDE_IN_FRAMEWORK_HEADER = YES;
				CLANG_WARN_RANGE_LOOP_ANALYSIS = YES;
				CLANG_WARN_STRICT_PROTOTYPES = YES;
				CLANG_WARN_SUSPICIOUS_MOVE = YES;
				CLANG_WARN_UNGUARDED_AVAILABILITY = YES_AGGRESSIVE;
				CLANG_WARN_UNREACHABLE_CODE = YES;
				CLANG_WARN__DUPLICATE_METHOD_MATCH = YES;
				COPY_PHASE_STRIP = NO;
				DEBUG_INFORMATION_FORMAT = dwarf;
				ENABLE_STRICT_OBJC_MSGSEND = YES;
				ENABLE_TESTABILITY = YES;
				GCC_C_LANGUAGE_STANDARD = gnu11;
				GCC_DYNAMIC_NO_PIC = NO;
				GCC_NO_COMMON_BLOCKS = YES;
				GCC_OPTIMIZATION_LEVEL = 0;
				GCC_PREPROCESSOR_DEFINITIONS = (
					"DEBUG=1",
					"$(inherited)",
				);
				GCC_WARN_64_TO_32_BIT_CONVERSION = YES;
				GCC_WARN_ABOUT_RETURN_TYPE = YES_ERROR;
				GCC_WARN_UNDECLARED_SELECTOR = YES;
				GCC_WARN_UNINITIALIZED_AUTOS = YES_AGGRESSIVE;
				GCC_WARN_UNUSED_FUNCTION = YES;
				GCC_WARN_UNUSED_VARIABLE = YES;
				IPHONEOS_DEPLOYMENT_TARGET = 15.4;
				MTL_ENABLE_DEBUG_INFO = INCLUDE_SOURCE;
				MTL_FAST_MATH = YES;
				ONLY_ACTIVE_ARCH = YES;
				SDKROOT = iphoneos;
				SWIFT_ACTIVE_COMPILATION_CONDITIONS = DEBUG;
				SWIFT_OPTIMIZATION_LEVEL = "-Onone";
			};
			name = Debug;
		};
		7CDF4F1527F0BD8F009156EA /* Release */ = {
			isa = XCBuildConfiguration;
			buildSettings = {
				ALWAYS_SEARCH_USER_PATHS = NO;
				CLANG_ANALYZER_NONNULL = YES;
				CLANG_ANALYZER_NUMBER_OBJECT_CONVERSION = YES_AGGRESSIVE;
				CLANG_CXX_LANGUAGE_STANDARD = "gnu++17";
				CLANG_ENABLE_MODULES = YES;
				CLANG_ENABLE_OBJC_ARC = YES;
				CLANG_ENABLE_OBJC_WEAK = YES;
				CLANG_WARN_BLOCK_CAPTURE_AUTORELEASING = YES;
				CLANG_WARN_BOOL_CONVERSION = YES;
				CLANG_WARN_COMMA = YES;
				CLANG_WARN_CONSTANT_CONVERSION = YES;
				CLANG_WARN_DEPRECATED_OBJC_IMPLEMENTATIONS = YES;
				CLANG_WARN_DIRECT_OBJC_ISA_USAGE = YES_ERROR;
				CLANG_WARN_DOCUMENTATION_COMMENTS = YES;
				CLANG_WARN_EMPTY_BODY = YES;
				CLANG_WARN_ENUM_CONVERSION = YES;
				CLANG_WARN_INFINITE_RECURSION = YES;
				CLANG_WARN_INT_CONVERSION = YES;
				CLANG_WARN_NON_LITERAL_NULL_CONVERSION = YES;
				CLANG_WARN_OBJC_IMPLICIT_RETAIN_SELF = YES;
				CLANG_WARN_OBJC_LITERAL_CONVERSION = YES;
				CLANG_WARN_OBJC_ROOT_CLASS = YES_ERROR;
				CLANG_WARN_QUOTED_INCLUDE_IN_FRAMEWORK_HEADER = YES;
				CLANG_WARN_RANGE_LOOP_ANALYSIS = YES;
				CLANG_WARN_STRICT_PROTOTYPES = YES;
				CLANG_WARN_SUSPICIOUS_MOVE = YES;
				CLANG_WARN_UNGUARDED_AVAILABILITY = YES_AGGRESSIVE;
				CLANG_WARN_UNREACHABLE_CODE = YES;
				CLANG_WARN__DUPLICATE_METHOD_MATCH = YES;
				COPY_PHASE_STRIP = NO;
				DEBUG_INFORMATION_FORMAT = "dwarf-with-dsym";
				ENABLE_NS_ASSERTIONS = NO;
				ENABLE_STRICT_OBJC_MSGSEND = YES;
				GCC_C_LANGUAGE_STANDARD = gnu11;
				GCC_NO_COMMON_BLOCKS = YES;
				GCC_WARN_64_TO_32_BIT_CONVERSION = YES;
				GCC_WARN_ABOUT_RETURN_TYPE = YES_ERROR;
				GCC_WARN_UNDECLARED_SELECTOR = YES;
				GCC_WARN_UNINITIALIZED_AUTOS = YES_AGGRESSIVE;
				GCC_WARN_UNUSED_FUNCTION = YES;
				GCC_WARN_UNUSED_VARIABLE = YES;
				IPHONEOS_DEPLOYMENT_TARGET = 15.4;
				MTL_ENABLE_DEBUG_INFO = NO;
				MTL_FAST_MATH = YES;
				SDKROOT = iphoneos;
				SWIFT_COMPILATION_MODE = wholemodule;
				SWIFT_OPTIMIZATION_LEVEL = "-O";
				VALIDATE_PRODUCT = YES;
			};
			name = Release;
		};
		7CDF4F1727F0BD8F009156EA /* Debug */ = {
			isa = XCBuildConfiguration;
			buildSettings = {
				ASSETCATALOG_COMPILER_APPICON_NAME = AppIcon;
				ASSETCATALOG_COMPILER_GLOBAL_ACCENT_COLOR_NAME = AccentColor;
				CODE_SIGN_STYLE = Automatic;
				CURRENT_PROJECT_VERSION = 1;
				DEVELOPMENT_TEAM = FHKU3K3FS3;
				GENERATE_INFOPLIST_FILE = YES;
				INFOPLIST_FILE = Movies/Resourses/Info.plist;
				INFOPLIST_KEY_UIApplicationSupportsIndirectInputEvents = YES;
				INFOPLIST_KEY_UILaunchStoryboardName = LaunchScreen;
				INFOPLIST_KEY_UIMainStoryboardFile = "";
				INFOPLIST_KEY_UISupportedInterfaceOrientations_iPad = "UIInterfaceOrientationPortrait UIInterfaceOrientationPortraitUpsideDown UIInterfaceOrientationLandscapeLeft UIInterfaceOrientationLandscapeRight";
				INFOPLIST_KEY_UISupportedInterfaceOrientations_iPhone = "UIInterfaceOrientationPortrait UIInterfaceOrientationLandscapeLeft UIInterfaceOrientationLandscapeRight";
				LD_RUNPATH_SEARCH_PATHS = (
					"$(inherited)",
					"@executable_path/Frameworks",
				);
				MARKETING_VERSION = 1.0;
				PRODUCT_BUNDLE_IDENTIFIER = com.denSwift.Movies;
				PRODUCT_NAME = "$(TARGET_NAME)";
				SWIFT_EMIT_LOC_STRINGS = YES;
				SWIFT_VERSION = 5.0;
				TARGETED_DEVICE_FAMILY = "1,2";
			};
			name = Debug;
		};
		7CDF4F1827F0BD8F009156EA /* Release */ = {
			isa = XCBuildConfiguration;
			buildSettings = {
				ASSETCATALOG_COMPILER_APPICON_NAME = AppIcon;
				ASSETCATALOG_COMPILER_GLOBAL_ACCENT_COLOR_NAME = AccentColor;
				CODE_SIGN_STYLE = Automatic;
				CURRENT_PROJECT_VERSION = 1;
				DEVELOPMENT_TEAM = FHKU3K3FS3;
				GENERATE_INFOPLIST_FILE = YES;
				INFOPLIST_FILE = Movies/Resourses/Info.plist;
				INFOPLIST_KEY_UIApplicationSupportsIndirectInputEvents = YES;
				INFOPLIST_KEY_UILaunchStoryboardName = LaunchScreen;
				INFOPLIST_KEY_UIMainStoryboardFile = "";
				INFOPLIST_KEY_UISupportedInterfaceOrientations_iPad = "UIInterfaceOrientationPortrait UIInterfaceOrientationPortraitUpsideDown UIInterfaceOrientationLandscapeLeft UIInterfaceOrientationLandscapeRight";
				INFOPLIST_KEY_UISupportedInterfaceOrientations_iPhone = "UIInterfaceOrientationPortrait UIInterfaceOrientationLandscapeLeft UIInterfaceOrientationLandscapeRight";
				LD_RUNPATH_SEARCH_PATHS = (
					"$(inherited)",
					"@executable_path/Frameworks",
				);
				MARKETING_VERSION = 1.0;
				PRODUCT_BUNDLE_IDENTIFIER = com.denSwift.Movies;
				PRODUCT_NAME = "$(TARGET_NAME)";
				SWIFT_EMIT_LOC_STRINGS = YES;
				SWIFT_VERSION = 5.0;
				TARGETED_DEVICE_FAMILY = "1,2";
			};
			name = Release;
		};
/* End XCBuildConfiguration section */

/* Begin XCConfigurationList section */
		7CDF4EFA27F0BD8D009156EA /* Build configuration list for PBXProject "Movies" */ = {
			isa = XCConfigurationList;
			buildConfigurations = (
				7CDF4F1427F0BD8F009156EA /* Debug */,
				7CDF4F1527F0BD8F009156EA /* Release */,
			);
			defaultConfigurationIsVisible = 0;
			defaultConfigurationName = Release;
		};
		7CDF4F1627F0BD8F009156EA /* Build configuration list for PBXNativeTarget "Movies" */ = {
			isa = XCConfigurationList;
			buildConfigurations = (
				7CDF4F1727F0BD8F009156EA /* Debug */,
				7CDF4F1827F0BD8F009156EA /* Release */,
			);
			defaultConfigurationIsVisible = 0;
			defaultConfigurationName = Release;
		};
/* End XCConfigurationList section */

/* Begin XCVersionGroup section */
		7CDF4F0B27F0BD8D009156EA /* Movies.xcdatamodeld */ = {
			isa = XCVersionGroup;
			children = (
				7CDF4F0C27F0BD8D009156EA /* Movies.xcdatamodel */,
			);
			currentVersion = 7CDF4F0C27F0BD8D009156EA /* Movies.xcdatamodel */;
			path = Movies.xcdatamodeld;
			sourceTree = "<group>";
			versionGroupType = wrapper.xcdatamodel;
		};
/* End XCVersionGroup section */
	};
	rootObject = 7CDF4EF727F0BD8D009156EA /* Project object */;
}
